
Microsoft Visual Studio Solution File, Format Version 12.00
# Visual Studio 14
VisualStudioVersion = 14.0.23107.0
MinimumVisualStudioVersion = 10.0.40219.1
Project("{FAE04EC0-301F-11D3-BF4B-00C04F79EFBC}") = "DojoLeapYear", "LeapYear\DojoLeapYear.csproj", "{12D2E622-3355-4AD8-BA50-53C4B8131A2C}"
EndProject
Project("{FAE04EC0-301F-11D3-BF4B-00C04F79EFBC}") = "LeapYearTest", "LeapYearTest\LeapYearTest.csproj", "{EC478256-6F8F-4FC7-83C3-04504D808E61}"
EndProject
Global
	GlobalSection(SolutionConfigurationPlatforms) = preSolution
		Debug|Any CPU = Debug|Any CPU
		Release|Any CPU = Release|Any CPU
	EndGlobalSection
	GlobalSection(ProjectConfigurationPlatforms) = postSolution
		{12D2E622-3355-4AD8-BA50-53C4B8131A2C}.Debug|Any CPU.ActiveCfg = Debug|Any CPU
		{12D2E622-3355-4AD8-BA50-53C4B8131A2C}.Debug|Any CPU.Build.0 = Debug|Any CPU
		{12D2E622-3355-4AD8-BA50-53C4B8131A2C}.Release|Any CPU.ActiveCfg = Release|Any CPU
		{12D2E622-3355-4AD8-BA50-53C4B8131A2C}.Release|Any CPU.Build.0 = Release|Any CPU
		{EC478256-6F8F-4FC7-83C3-04504D808E61}.Debug|Any CPU.ActiveCfg = Debug|Any CPU
		{EC478256-6F8F-4FC7-83C3-04504D808E61}.Debug|Any CPU.Build.0 = Debug|Any CPU
		{EC478256-6F8F-4FC7-83C3-04504D808E61}.Release|Any CPU.ActiveCfg = Release|Any CPU
		{EC478256-6F8F-4FC7-83C3-04504D808E61}.Release|Any CPU.Build.0 = Release|Any CPU
	EndGlobalSection
	GlobalSection(SolutionProperties) = preSolution
		HideSolutionNode = FALSE
	EndGlobalSection
EndGlobal
